
Microsoft Visual Studio Solution File, Format Version 12.00
# Visual Studio Version 17
VisualStudioVersion = 17.0.32112.339
MinimumVisualStudioVersion = 10.0.40219.1
Project("{FAE04EC0-301F-11D3-BF4B-00C04F79EFBC}") = "ConsolePiSqlNetCore", "ConsolePiSqlNetCore\ConsolePiSqlNetCore.csproj", "{C657CA06-5BFB-4FD5-8412-6858E215A2B5}"
EndProject
Global
	GlobalSection(SolutionConfigurationPlatforms) = preSolution
		Debug|Any CPU = Debug|Any CPU
		Release|Any CPU = Release|Any CPU
	EndGlobalSection
	GlobalSection(ProjectConfigurationPlatforms) = postSolution
		{C657CA06-5BFB-4FD5-8412-6858E215A2B5}.Debug|Any CPU.ActiveCfg = Debug|Any CPU
		{C657CA06-5BFB-4FD5-8412-6858E215A2B5}.Debug|Any CPU.Build.0 = Debug|Any CPU
		{C657CA06-5BFB-4FD5-8412-6858E215A2B5}.Release|Any CPU.ActiveCfg = Release|Any CPU
		{C657CA06-5BFB-4FD5-8412-6858E215A2B5}.Release|Any CPU.Build.0 = Release|Any CPU
	EndGlobalSection
	GlobalSection(SolutionProperties) = preSolution
		HideSolutionNode = FALSE
	EndGlobalSection
	GlobalSection(ExtensibilityGlobals) = postSolution
		SolutionGuid = {C5031948-A7DC-4241-B513-3A38E66A317D}
	EndGlobalSection
EndGlobal
